# This file was autogenerated by Stack.
# You should not edit this file by hand.
# For more information, please see the documentation at:
#   https://docs.haskellstack.org/en/stable/lock_files

packages:
- completed:
    hackage: Stream-0.4.7.2@sha256:ed78165aa34c4e23dc53c9072f8715d414a585037f2145ea0eb2b38300354c53,1009
    pantry-tree:
      sha256: 009fe33c4779bd1705a26f9b036f0996e9fc85df06418aec3dda967554e6ef83
      size: 207
  original:
    hackage: Stream-0.4.7.2
- completed:
    hackage: sized-grid-0.2.0.1@sha256:f269a9a658a66d5b9925f22c163b61c62a041670bfcb84a8748a969ceeb5dc9c,2687
    pantry-tree:
      sha256: 38452da05170419de16e9a875e2f6dfe530067bd59259efb9b5cc1d8e344cc33
      size: 1154
  original:
    hackage: sized-grid-0.2.0.1
- completed:
    hackage: lazysmallcheck-0.6@sha256:dac7a1e4877681f1260309e863e896674dd6efc1159897b7945893e693f2a6bc,1696
    pantry-tree:
      sha256: aea6b83dd91703fd130d98ecfed88b8f16841b22990c837c8fde89f9f6cca809
      size: 2008
  original:
    hackage: lazysmallcheck-0.6
- completed:
    hackage: repa-3.4.1.4@sha256:df02acc0f65be7ff67cf71058841644425337c5ebd44c95b1ac1564a1e3c4858,3323
    pantry-tree:
      sha256: 2addb474c6f496d26c4335ca4c6a333c746d7f90957d13182c13a1483c6db7e7
      size: 2965
  original:
    hackage: repa-3.4.1.4
- completed:
    hackage: repa-io-3.4.1.1@sha256:083d8d66559c77078a50ed94130969a784489d944818ddd5bc000e1584fa2bed,1274
    pantry-tree:
      sha256: 685ec8ceae9683e2d451b5b40b1038ee111796eb47d20824c20a02d1571eeeec
      size: 570
  original:
    hackage: repa-io-3.4.1.1
snapshots:
- completed:
    sha256: 9a74d76d250a455d9cd11e74f157e087787fa9aa3c4264e69c94703d1e71aede
    size: 619200
    url: https://raw.githubusercontent.com/commercialhaskell/stackage-snapshots/master/lts/19/30.yaml
  original: lts-19.30
